
Microsoft Visual Studio Solution File, Format Version 12.00
# Visual Studio Version 16
VisualStudioVersion = 16.0.31129.286
MinimumVisualStudioVersion = 10.0.40219.1
Project("{FAE04EC0-301F-11D3-BF4B-00C04F79EFBC}") = "DrawAppProject", "DrawAppProject\DrawAppProject.csproj", "{3433D144-69E7-4C13-8305-454CCA8765E7}"
EndProject
Global
	GlobalSection(SolutionConfigurationPlatforms) = preSolution
		Debug|Any CPU = Debug|Any CPU
		Release|Any CPU = Release|Any CPU
	EndGlobalSection
	GlobalSection(ProjectConfigurationPlatforms) = postSolution
		{3433D144-69E7-4C13-8305-454CCA8765E7}.Debug|Any CPU.ActiveCfg = Debug|Any CPU
		{3433D144-69E7-4C13-8305-454CCA8765E7}.Debug|Any CPU.Build.0 = Debug|Any CPU
		{3433D144-69E7-4C13-8305-454CCA8765E7}.Release|Any CPU.ActiveCfg = Release|Any CPU
		{3433D144-69E7-4C13-8305-454CCA8765E7}.Release|Any CPU.Build.0 = Release|Any CPU
	EndGlobalSection
	GlobalSection(SolutionProperties) = preSolution
		HideSolutionNode = FALSE
	EndGlobalSection
	GlobalSection(ExtensibilityGlobals) = postSolution
		SolutionGuid = {F652726E-D385-42F8-BAF2-716A12B25862}
	EndGlobalSection
EndGlobal
